
Microsoft Visual Studio Solution File, Format Version 12.00
# Visual Studio Version 16
VisualStudioVersion = 16.0.31129.286
MinimumVisualStudioVersion = 10.0.40219.1
Project("{FAE04EC0-301F-11D3-BF4B-00C04F79EFBC}") = "MyPortfolioWebsite", "MyPortfolioWebsite\MyPortfolioWebsite.csproj", "{12B369FE-2513-4B9B-A1CA-EBE803BF2B04}"
EndProject
Global
	GlobalSection(SolutionConfigurationPlatforms) = preSolution
		Debug|Any CPU = Debug|Any CPU
		Release|Any CPU = Release|Any CPU
	EndGlobalSection
	GlobalSection(ProjectConfigurationPlatforms) = postSolution
		{12B369FE-2513-4B9B-A1CA-EBE803BF2B04}.Debug|Any CPU.ActiveCfg = Debug|Any CPU
		{12B369FE-2513-4B9B-A1CA-EBE803BF2B04}.Debug|Any CPU.Build.0 = Debug|Any CPU
		{12B369FE-2513-4B9B-A1CA-EBE803BF2B04}.Release|Any CPU.ActiveCfg = Release|Any CPU
		{12B369FE-2513-4B9B-A1CA-EBE803BF2B04}.Release|Any CPU.Build.0 = Release|Any CPU
	EndGlobalSection
	GlobalSection(SolutionProperties) = preSolution
		HideSolutionNode = FALSE
	EndGlobalSection
	GlobalSection(ExtensibilityGlobals) = postSolution
		SolutionGuid = {4FA42A4E-5F56-43AE-8924-B85097E5B211}
	EndGlobalSection
EndGlobal
